// !$*UTF8*$!
{
	archiveVersion = 1;
	classes = {
	};
	objectVersion = 46;
	objects = {

/* Begin PBXBuildFile section */
		C808BDA118E1268300851703 /* Foundation.framework in Frameworks */ = {isa = PBXBuildFile; fileRef = C808BDA018E1268300851703 /* Foundation.framework */; };
		C808BDA318E1268300851703 /* CoreGraphics.framework in Frameworks */ = {isa = PBXBuildFile; fileRef = C808BDA218E1268300851703 /* CoreGraphics.framework */; };
		C808BDA518E1268300851703 /* UIKit.framework in Frameworks */ = {isa = PBXBuildFile; fileRef = C808BDA418E1268300851703 /* UIKit.framework */; };
		C808BDAB18E1268300851703 /* InfoPlist.strings in Resources */ = {isa = PBXBuildFile; fileRef = C808BDA918E1268300851703 /* InfoPlist.strings */; };
		C808BDAD18E1268300851703 /* main.m in Sources */ = {isa = PBXBuildFile; fileRef = C808BDAC18E1268300851703 /* main.m */; };
		C808BDB118E1268300851703 /* BNRAppDelegate.m in Sources */ = {isa = PBXBuildFile; fileRef = C808BDB018E1268300851703 /* BNRAppDelegate.m */; };
		C808BDB318E1268300851703 /* Images.xcassets in Resources */ = {isa = PBXBuildFile; fileRef = C808BDB218E1268300851703 /* Images.xcassets */; };
		C808BDBA18E1268300851703 /* XCTest.framework in Frameworks */ = {isa = PBXBuildFile; fileRef = C808BDB918E1268300851703 /* XCTest.framework */; };
		C808BDBB18E1268300851703 /* Foundation.framework in Frameworks */ = {isa = PBXBuildFile; fileRef = C808BDA018E1268300851703 /* Foundation.framework */; };
		C808BDBC18E1268300851703 /* UIKit.framework in Frameworks */ = {isa = PBXBuildFile; fileRef = C808BDA418E1268300851703 /* UIKit.framework */; };
		C808BDC418E1268300851703 /* InfoPlist.strings in Resources */ = {isa = PBXBuildFile; fileRef = C808BDC218E1268300851703 /* InfoPlist.strings */; };
		C808BDC618E1268300851703 /* HypnoNerdTests.m in Sources */ = {isa = PBXBuildFile; fileRef = C808BDC518E1268300851703 /* HypnoNerdTests.m */; };
		C808BDD218E126B200851703 /* BNRHypnosisView.m in Sources */ = {isa = PBXBuildFile; fileRef = C808BDD018E126B200851703 /* BNRHypnosisView.m */; };
		C808BDD318E126B200851703 /* sunglass_doge.png in Resources */ = {isa = PBXBuildFile; fileRef = C808BDD118E126B200851703 /* sunglass_doge.png */; };
		C808BDD618E126EA00851703 /* BNRHypnosisViewController.m in Sources */ = {isa = PBXBuildFile; fileRef = C808BDD518E126EA00851703 /* BNRHypnosisViewController.m */; };
		C808BDD918E1290200851703 /* BNRReminderViewController.m in Sources */ = {isa = PBXBuildFile; fileRef = C808BDD818E1290200851703 /* BNRReminderViewController.m */; };
		C808BDDB18E12A1900851703 /* BNRReminderViewController.xib in Resources */ = {isa = PBXBuildFile; fileRef = C808BDDA18E12A1900851703 /* BNRReminderViewController.xib */; };
/* End PBXBuildFile section */

/* Begin PBXContainerItemProxy section */
		C808BDBD18E1268300851703 /* PBXContainerItemProxy */ = {
			isa = PBXContainerItemProxy;
			containerPortal = C808BD9518E1268300851703 /* Project object */;
			proxyType = 1;
			remoteGlobalIDString = C808BD9C18E1268300851703;
			remoteInfo = HypnoNerd;
		};
/* End PBXContainerItemProxy section */

/* Begin PBXFileReference section */
		C808BD9D18E1268300851703 /* HypnoNerd.app */ = {isa = PBXFileReference; explicitFileType = wrapper.application; includeInIndex = 0; path = HypnoNerd.app; sourceTree = BUILT_PRODUCTS_DIR; };
		C808BDA018E1268300851703 /* Foundation.framework */ = {isa = PBXFileReference; lastKnownFileType = wrapper.framework; name = Foundation.framework; path = System/Library/Frameworks/Foundation.framework; sourceTree = SDKROOT; };
		C808BDA218E1268300851703 /* CoreGraphics.framework */ = {isa = PBXFileReference; lastKnownFileType = wrapper.framework; name = CoreGraphics.framework; path = System/Library/Frameworks/CoreGraphics.framework; sourceTree = SDKROOT; };
		C808BDA418E1268300851703 /* UIKit.framework */ = {isa = PBXFileReference; lastKnownFileType = wrapper.framework; name = UIKit.framework; path = System/Library/Frameworks/UIKit.framework; sourceTree = SDKROOT; };
		C808BDA818E1268300851703 /* HypnoNerd-Info.plist */ = {isa = PBXFileReference; lastKnownFileType = text.plist.xml; path = "HypnoNerd-Info.plist"; sourceTree = "<group>"; };
		C808BDAA18E1268300851703 /* en */ = {isa = PBXFileReference; lastKnownFileType = text.plist.strings; name = en; path = en.lproj/InfoPlist.strings; sourceTree = "<group>"; };
		C808BDAC18E1268300851703 /* main.m */ = {isa = PBXFileReference; lastKnownFileType = sourcecode.c.objc; path = main.m; sourceTree = "<group>"; };
		C808BDAE18E1268300851703 /* HypnoNerd-Prefix.pch */ = {isa = PBXFileReference; lastKnownFileType = sourcecode.c.h; path = "HypnoNerd-Prefix.pch"; sourceTree = "<group>"; };
		C808BDAF18E1268300851703 /* BNRAppDelegate.h */ = {isa = PBXFileReference; lastKnownFileType = sourcecode.c.h; path = BNRAppDelegate.h; sourceTree = "<group>"; };
		C808BDB018E1268300851703 /* BNRAppDelegate.m */ = {isa = PBXFileReference; lastKnownFileType = sourcecode.c.objc; path = BNRAppDelegate.m; sourceTree = "<group>"; };
		C808BDB218E1268300851703 /* Images.xcassets */ = {isa = PBXFileReference; lastKnownFileType = folder.assetcatalog; path = Images.xcassets; sourceTree = "<group>"; };
		C808BDB818E1268300851703 /* HypnoNerdTests.xctest */ = {isa = PBXFileReference; explicitFileType = wrapper.cfbundle; includeInIndex = 0; path = HypnoNerdTests.xctest; sourceTree = BUILT_PRODUCTS_DIR; };
		C808BDB918E1268300851703 /* XCTest.framework */ = {isa = PBXFileReference; lastKnownFileType = wrapper.framework; name = XCTest.framework; path = Library/Frameworks/XCTest.framework; sourceTree = DEVELOPER_DIR; };
		C808BDC118E1268300851703 /* HypnoNerdTests-Info.plist */ = {isa = PBXFileReference; lastKnownFileType = text.plist.xml; path = "HypnoNerdTests-Info.plist"; sourceTree = "<group>"; };
		C808BDC318E1268300851703 /* en */ = {isa = PBXFileReference; lastKnownFileType = text.plist.strings; name = en; path = en.lproj/InfoPlist.strings; sourceTree = "<group>"; };
		C808BDC518E1268300851703 /* HypnoNerdTests.m */ = {isa = PBXFileReference; lastKnownFileType = sourcecode.c.objc; path = HypnoNerdTests.m; sourceTree = "<group>"; };
		C808BDCF18E126B200851703 /* BNRHypnosisView.h */ = {isa = PBXFileReference; fileEncoding = 4; lastKnownFileType = sourcecode.c.h; name = BNRHypnosisView.h; path = ../BNRHypnosisView.h; sourceTree = "<group>"; };
		C808BDD018E126B200851703 /* BNRHypnosisView.m */ = {isa = PBXFileReference; fileEncoding = 4; lastKnownFileType = sourcecode.c.objc; name = BNRHypnosisView.m; path = ../BNRHypnosisView.m; sourceTree = "<group>"; };
		C808BDD118E126B200851703 /* sunglass_doge.png */ = {isa = PBXFileReference; lastKnownFileType = image.png; path = sunglass_doge.png; sourceTree = "<group>"; };
		C808BDD418E126EA00851703 /* BNRHypnosisViewController.h */ = {isa = PBXFileReference; fileEncoding = 4; lastKnownFileType = sourcecode.c.h; name = BNRHypnosisViewController.h; path = ../BNRHypnosisViewController.h; sourceTree = "<group>"; };
		C808BDD518E126EA00851703 /* BNRHypnosisViewController.m */ = {isa = PBXFileReference; fileEncoding = 4; lastKnownFileType = sourcecode.c.objc; name = BNRHypnosisViewController.m; path = ../BNRHypnosisViewController.m; sourceTree = "<group>"; };
		C808BDD718E1290200851703 /* BNRReminderViewController.h */ = {isa = PBXFileReference; fileEncoding = 4; lastKnownFileType = sourcecode.c.h; path = BNRReminderViewController.h; sourceTree = "<group>"; };
		C808BDD818E1290200851703 /* BNRReminderViewController.m */ = {isa = PBXFileReference; fileEncoding = 4; lastKnownFileType = sourcecode.c.objc; path = BNRReminderViewController.m; sourceTree = "<group>"; };
		C808BDDA18E12A1900851703 /* BNRReminderViewController.xib */ = {isa = PBXFileReference; fileEncoding = 4; lastKnownFileType = file.xib; path = BNRReminderViewController.xib; sourceTree = "<group>"; };
/* End PBXFileReference section */

/* Begin PBXFrameworksBuildPhase section */
		C808BD9A18E1268300851703 /* Frameworks */ = {
			isa = PBXFrameworksBuildPhase;
			buildActionMask = 2147483647;
			files = (
				C808BDA318E1268300851703 /* CoreGraphics.framework in Frameworks */,
				C808BDA518E1268300851703 /* UIKit.framework in Frameworks */,
				C808BDA118E1268300851703 /* Foundation.framework in Frameworks */,
			);
			runOnlyForDeploymentPostprocessing = 0;
		};
		C808BDB518E1268300851703 /* Frameworks */ = {
			isa = PBXFrameworksBuildPhase;
			buildActionMask = 2147483647;
			files = (
				C808BDBA18E1268300851703 /* XCTest.framework in Frameworks */,
				C808BDBC18E1268300851703 /* UIKit.framework in Frameworks */,
				C808BDBB18E1268300851703 /* Foundation.framework in Frameworks */,
			);
			runOnlyForDeploymentPostprocessing = 0;
		};
/* End PBXFrameworksBuildPhase section */

/* Begin PBXGroup section */
		C808BD9418E1268300851703 = {
			isa = PBXGroup;
			children = (
				C808BDD118E126B200851703 /* sunglass_doge.png */,
				C808BDA618E1268300851703 /* HypnoNerd */,
				C808BDBF18E1268300851703 /* HypnoNerdTests */,
				C808BD9F18E1268300851703 /* Frameworks */,
				C808BD9E18E1268300851703 /* Products */,
			);
			sourceTree = "<group>";
		};
		C808BD9E18E1268300851703 /* Products */ = {
			isa = PBXGroup;
			children = (
				C808BD9D18E1268300851703 /* HypnoNerd.app */,
				C808BDB818E1268300851703 /* HypnoNerdTests.xctest */,
			);
			name = Products;
			sourceTree = "<group>";
		};
		C808BD9F18E1268300851703 /* Frameworks */ = {
			isa = PBXGroup;
			children = (
				C808BDA018E1268300851703 /* Foundation.framework */,
				C808BDA218E1268300851703 /* CoreGraphics.framework */,
				C808BDA418E1268300851703 /* UIKit.framework */,
				C808BDB918E1268300851703 /* XCTest.framework */,
			);
			name = Frameworks;
			sourceTree = "<group>";
		};
		C808BDA618E1268300851703 /* HypnoNerd */ = {
			isa = PBXGroup;
			children = (
				C808BDD718E1290200851703 /* BNRReminderViewController.h */,
				C808BDD818E1290200851703 /* BNRReminderViewController.m */,
				C808BDDA18E12A1900851703 /* BNRReminderViewController.xib */,
				C808BDD418E126EA00851703 /* BNRHypnosisViewController.h */,
				C808BDD518E126EA00851703 /* BNRHypnosisViewController.m */,
				C808BDCF18E126B200851703 /* BNRHypnosisView.h */,
				C808BDD018E126B200851703 /* BNRHypnosisView.m */,
				C808BDAF18E1268300851703 /* BNRAppDelegate.h */,
				C808BDB018E1268300851703 /* BNRAppDelegate.m */,
				C808BDB218E1268300851703 /* Images.xcassets */,
				C808BDA718E1268300851703 /* Supporting Files */,
			);
			path = HypnoNerd;
			sourceTree = "<group>";
		};
		C808BDA718E1268300851703 /* Supporting Files */ = {
			isa = PBXGroup;
			children = (
				C808BDA818E1268300851703 /* HypnoNerd-Info.plist */,
				C808BDA918E1268300851703 /* InfoPlist.strings */,
				C808BDAC18E1268300851703 /* main.m */,
				C808BDAE18E1268300851703 /* HypnoNerd-Prefix.pch */,
			);
			name = "Supporting Files";
			sourceTree = "<group>";
		};
		C808BDBF18E1268300851703 /* HypnoNerdTests */ = {
			isa = PBXGroup;
			children = (
				C808BDC518E1268300851703 /* HypnoNerdTests.m */,
				C808BDC018E1268300851703 /* Supporting Files */,
			);
			path = HypnoNerdTests;
			sourceTree = "<group>";
		};
		C808BDC018E1268300851703 /* Supporting Files */ = {
			isa = PBXGroup;
			children = (
				C808BDC118E1268300851703 /* HypnoNerdTests-Info.plist */,
				C808BDC218E1268300851703 /* InfoPlist.strings */,
			);
			name = "Supporting Files";
			sourceTree = "<group>";
		};
/* End PBXGroup section */

/* Begin PBXNativeTarget section */
		C808BD9C18E1268300851703 /* HypnoNerd */ = {
			isa = PBXNativeTarget;
			buildConfigurationList = C808BDC918E1268300851703 /* Build configuration list for PBXNativeTarget "HypnoNerd" */;
			buildPhases = (
				C808BD9918E1268300851703 /* Sources */,
				C808BD9A18E1268300851703 /* Frameworks */,
				C808BD9B18E1268300851703 /* Resources */,
			);
			buildRules = (
			);
			dependencies = (
			);
			name = HypnoNerd;
			productName = HypnoNerd;
			productReference = C808BD9D18E1268300851703 /* HypnoNerd.app */;
			productType = "com.apple.product-type.application";
		};
		C808BDB718E1268300851703 /* HypnoNerdTests */ = {
			isa = PBXNativeTarget;
			buildConfigurationList = C808BDCC18E1268300851703 /* Build configuration list for PBXNativeTarget "HypnoNerdTests" */;
			buildPhases = (
				C808BDB418E1268300851703 /* Sources */,
				C808BDB518E1268300851703 /* Frameworks */,
				C808BDB618E1268300851703 /* Resources */,
			);
			buildRules = (
			);
			dependencies = (
				C808BDBE18E1268300851703 /* PBXTargetDependency */,
			);
			name = HypnoNerdTests;
			productName = HypnoNerdTests;
			productReference = C808BDB818E1268300851703 /* HypnoNerdTests.xctest */;
			productType = "com.apple.product-type.bundle.unit-test";
		};
/* End PBXNativeTarget section */

/* Begin PBXProject section */
		C808BD9518E1268300851703 /* Project object */ = {
			isa = PBXProject;
			attributes = {
				CLASSPREFIX = BNR;
				LastUpgradeCheck = 0510;
				ORGANIZATIONNAME = "Big Nerd Ranch";
				TargetAttributes = {
					C808BDB718E1268300851703 = {
						TestTargetID = C808BD9C18E1268300851703;
					};
				};
			};
			buildConfigurationList = C808BD9818E1268300851703 /* Build configuration list for PBXProject "HypnoNerd" */;
			compatibilityVersion = "Xcode 3.2";
			developmentRegion = English;
			hasScannedForEncodings = 0;
			knownRegions = (
				en,
			);
			mainGroup = C808BD9418E1268300851703;
			productRefGroup = C808BD9E18E1268300851703 /* Products */;
			projectDirPath = "";
			projectRoot = "";
			targets = (
				C808BD9C18E1268300851703 /* HypnoNerd */,
				C808BDB718E1268300851703 /* HypnoNerdTests */,
			);
		};
/* End PBXProject section */

/* Begin PBXResourcesBuildPhase section */
		C808BD9B18E1268300851703 /* Resources */ = {
			isa = PBXResourcesBuildPhase;
			buildActionMask = 2147483647;
			files = (
				C808BDD318E126B200851703 /* sunglass_doge.png in Resources */,
				C808BDDB18E12A1900851703 /* BNRReminderViewController.xib in Resources */,
				C808BDAB18E1268300851703 /* InfoPlist.strings in Resources */,
				C808BDB318E1268300851703 /* Images.xcassets in Resources */,
			);
			runOnlyForDeploymentPostprocessing = 0;
		};
		C808BDB618E1268300851703 /* Resources */ = {
			isa = PBXResourcesBuildPhase;
			buildActionMask = 2147483647;
			files = (
				C808BDC418E1268300851703 /* InfoPlist.strings in Resources */,
			);
			runOnlyForDeploymentPostprocessing = 0;
		};
/* End PBXResourcesBuildPhase section */

/* Begin PBXSourcesBuildPhase section */
		C808BD9918E1268300851703 /* Sources */ = {
			isa = PBXSourcesBuildPhase;
			buildActionMask = 2147483647;
			files = (
				C808BDD618E126EA00851703 /* BNRHypnosisViewController.m in Sources */,
				C808BDAD18E1268300851703 /* main.m in Sources */,
				C808BDB118E1268300851703 /* BNRAppDelegate.m in Sources */,
				C808BDD918E1290200851703 /* BNRReminderViewController.m in Sources */,
				C808BDD218E126B200851703 /* BNRHypnosisView.m in Sources */,
			);
			runOnlyForDeploymentPostprocessing = 0;
		};
		C808BDB418E1268300851703 /* Sources */ = {
			isa = PBXSourcesBuildPhase;
			buildActionMask = 2147483647;
			files = (
				C808BDC618E1268300851703 /* HypnoNerdTests.m in Sources */,
			);
			runOnlyForDeploymentPostprocessing = 0;
		};
/* End PBXSourcesBuildPhase section */

/* Begin PBXTargetDependency section */
		C808BDBE18E1268300851703 /* PBXTargetDependency */ = {
			isa = PBXTargetDependency;
			target = C808BD9C18E1268300851703 /* HypnoNerd */;
			targetProxy = C808BDBD18E1268300851703 /* PBXContainerItemProxy */;
		};
/* End PBXTargetDependency section */

/* Begin PBXVariantGroup section */
		C808BDA918E1268300851703 /* InfoPlist.strings */ = {
			isa = PBXVariantGroup;
			children = (
				C808BDAA18E1268300851703 /* en */,
			);
			name = InfoPlist.strings;
			sourceTree = "<group>";
		};
		C808BDC218E1268300851703 /* InfoPlist.strings */ = {
			isa = PBXVariantGroup;
			children = (
				C808BDC318E1268300851703 /* en */,
			);
			name = InfoPlist.strings;
			sourceTree = "<group>";
		};
/* End PBXVariantGroup section */

/* Begin XCBuildConfiguration section */
		C808BDC718E1268300851703 /* Debug */ = {
			isa = XCBuildConfiguration;
			buildSettings = {
				ALWAYS_SEARCH_USER_PATHS = NO;
				CLANG_CXX_LANGUAGE_STANDARD = "gnu++0x";
				CLANG_CXX_LIBRARY = "libc++";
				CLANG_ENABLE_MODULES = YES;
				CLANG_ENABLE_OBJC_ARC = YES;
				CLANG_WARN_BOOL_CONVERSION = YES;
				CLANG_WARN_CONSTANT_CONVERSION = YES;
				CLANG_WARN_DIRECT_OBJC_ISA_USAGE = YES_ERROR;
				CLANG_WARN_EMPTY_BODY = YES;
				CLANG_WARN_ENUM_CONVERSION = YES;
				CLANG_WARN_INT_CONVERSION = YES;
				CLANG_WARN_OBJC_ROOT_CLASS = YES_ERROR;
				CLANG_WARN__DUPLICATE_METHOD_MATCH = YES;
				"CODE_SIGN_IDENTITY[sdk=iphoneos*]" = "iPhone Developer";
				COPY_PHASE_STRIP = NO;
				GCC_C_LANGUAGE_STANDARD = gnu99;
				GCC_DYNAMIC_NO_PIC = NO;
				GCC_OPTIMIZATION_LEVEL = 0;
				GCC_PREPROCESSOR_DEFINITIONS = (
					"DEBUG=1",
					"$(inherited)",
				);
				GCC_SYMBOLS_PRIVATE_EXTERN = NO;
				GCC_WARN_64_TO_32_BIT_CONVERSION = YES;
				GCC_WARN_ABOUT_RETURN_TYPE = YES_ERROR;
				GCC_WARN_UNDECLARED_SELECTOR = YES;
				GCC_WARN_UNINITIALIZED_AUTOS = YES_AGGRESSIVE;
				GCC_WARN_UNUSED_FUNCTION = YES;
				GCC_WARN_UNUSED_VARIABLE = YES;
				IPHONEOS_DEPLOYMENT_TARGET = 7.1;
				ONLY_ACTIVE_ARCH = YES;
				SDKROOT = iphoneos;
			};
			name = Debug;
		};
		C808BDC818E1268300851703 /* Release */ = {
			isa = XCBuildConfiguration;
			buildSettings = {
				ALWAYS_SEARCH_USER_PATHS = NO;
				CLANG_CXX_LANGUAGE_STANDARD = "gnu++0x";
				CLANG_CXX_LIBRARY = "libc++";
				CLANG_ENABLE_MODULES = YES;
				CLANG_ENABLE_OBJC_ARC = YES;
				CLANG_WARN_BOOL_CONVERSION = YES;
				CLANG_WARN_CONSTANT_CONVERSION = YES;
				CLANG_WARN_DIRECT_OBJC_ISA_USAGE = YES_ERROR;
				CLANG_WARN_EMPTY_BODY = YES;
				CLANG_WARN_ENUM_CONVERSION = YES;
				CLANG_WARN_INT_CONVERSION = YES;
				CLANG_WARN_OBJC_ROOT_CLASS = YES_ERROR;
				CLANG_WARN__DUPLICATE_METHOD_MATCH = YES;
				"CODE_SIGN_IDENTITY[sdk=iphoneos*]" = "iPhone Developer";
				COPY_PHASE_STRIP = YES;
				ENABLE_NS_ASSERTIONS = NO;
				GCC_C_LANGUAGE_STANDARD = gnu99;
				GCC_WARN_64_TO_32_BIT_CONVERSION = YES;
				GCC_WARN_ABOUT_RETURN_TYPE = YES_ERROR;
				GCC_WARN_UNDECLARED_SELECTOR = YES;
				GCC_WARN_UNINITIALIZED_AUTOS = YES_AGGRESSIVE;
				GCC_WARN_UNUSED_FUNCTION = YES;
				GCC_WARN_UNUSED_VARIABLE = YES;
				IPHONEOS_DEPLOYMENT_TARGET = 7.1;
				SDKROOT = iphoneos;
				VALIDATE_PRODUCT = YES;
			};
			name = Release;
		};
		C808BDCA18E1268300851703 /* Debug */ = {
			isa = XCBuildConfiguration;
			buildSettings = {
				ASSETCATALOG_COMPILER_APPICON_NAME = AppIcon;
				ASSETCATALOG_COMPILER_LAUNCHIMAGE_NAME = LaunchImage;
				GCC_PRECOMPILE_PREFIX_HEADER = YES;
				GCC_PREFIX_HEADER = "HypnoNerd/HypnoNerd-Prefix.pch";
				INFOPLIST_FILE = "HypnoNerd/HypnoNerd-Info.plist";
				PRODUCT_NAME = "$(TARGET_NAME)";
				WRAPPER_EXTENSION = app;
			};
			name = Debug;
		};
		C808BDCB18E1268300851703 /* Release */ = {
			isa = XCBuildConfiguration;
			buildSettings = {
				ASSETCATALOG_COMPILER_APPICON_NAME = AppIcon;
				ASSETCATALOG_COMPILER_LAUNCHIMAGE_NAME = LaunchImage;
				GCC_PRECOMPILE_PREFIX_HEADER = YES;
				GCC_PREFIX_HEADER = "HypnoNerd/HypnoNerd-Prefix.pch";
				INFOPLIST_FILE = "HypnoNerd/HypnoNerd-Info.plist";
				PRODUCT_NAME = "$(TARGET_NAME)";
				WRAPPER_EXTENSION = app;
			};
			name = Release;
		};
		C808BDCD18E1268300851703 /* Debug */ = {
			isa = XCBuildConfiguration;
			buildSettings = {
				BUNDLE_LOADER = "$(BUILT_PRODUCTS_DIR)/HypnoNerd.app/HypnoNerd";
				FRAMEWORK_SEARCH_PATHS = (
					"$(SDKROOT)/Developer/Library/Frameworks",
					"$(inherited)",
					"$(DEVELOPER_FRAMEWORKS_DIR)",
				);
				GCC_PRECOMPILE_PREFIX_HEADER = YES;
				GCC_PREFIX_HEADER = "HypnoNerd/HypnoNerd-Prefix.pch";
				GCC_PREPROCESSOR_DEFINITIONS = (
					"DEBUG=1",
					"$(inherited)",
				);
				INFOPLIST_FILE = "HypnoNerdTests/HypnoNerdTests-Info.plist";
				PRODUCT_NAME = "$(TARGET_NAME)";
				TEST_HOST = "$(BUNDLE_LOADER)";
				WRAPPER_EXTENSION = xctest;
			};
			name = Debug;
		};
		C808BDCE18E1268300851703 /* Release */ = {
			isa = XCBuildConfiguration;
			buildSettings = {
				BUNDLE_LOADER = "$(BUILT_PRODUCTS_DIR)/HypnoNerd.app/HypnoNerd";
				FRAMEWORK_SEARCH_PATHS = (
					"$(SDKROOT)/Developer/Library/Frameworks",
					"$(inherited)",
					"$(DEVELOPER_FRAMEWORKS_DIR)",
				);
				GCC_PRECOMPILE_PREFIX_HEADER = YES;
				GCC_PREFIX_HEADER = "HypnoNerd/HypnoNerd-Prefix.pch";
				INFOPLIST_FILE = "HypnoNerdTests/HypnoNerdTests-Info.plist";
				PRODUCT_NAME = "$(TARGET_NAME)";
				TEST_HOST = "$(BUNDLE_LOADER)";
				WRAPPER_EXTENSION = xctest;
			};
			name = Release;
		};
/* End XCBuildConfiguration section */

/* Begin XCConfigurationList section */
		C808BD9818E1268300851703 /* Build configuration list for PBXProject "HypnoNerd" */ = {
			isa = XCConfigurationList;
			buildConfigurations = (
				C808BDC718E1268300851703 /* Debug */,
				C808BDC818E1268300851703 /* Release */,
			);
			defaultConfigurationIsVisible = 0;
			defaultConfigurationName = Release;
		};
		C808BDC918E1268300851703 /* Build configuration list for PBXNativeTarget "HypnoNerd" */ = {
			isa = XCConfigurationList;
			buildConfigurations = (
				C808BDCA18E1268300851703 /* Debug */,
				C808BDCB18E1268300851703 /* Release */,
			);
			defaultConfigurationIsVisible = 0;
		};
		C808BDCC18E1268300851703 /* Build configuration list for PBXNativeTarget "HypnoNerdTests" */ = {
			isa = XCConfigurationList;
			buildConfigurations = (
				C808BDCD18E1268300851703 /* Debug */,
				C808BDCE18E1268300851703 /* Release */,
			);
			defaultConfigurationIsVisible = 0;
		};
/* End XCConfigurationList section */
	};
	rootObject = C808BD9518E1268300851703 /* Project object */;
}
